// !$*UTF8*$!
{
	archiveVersion = 1;
	classes = {
	};
	objectVersion = 46;
	objects = {

/* Begin PBXBuildFile section */
		5BF84CE71E4C0E1C00E3160C /* AppDelegate.swift in Sources */ = {isa = PBXBuildFile; fileRef = 5BF84CE61E4C0E1C00E3160C /* AppDelegate.swift */; };
		5BF84CE91E4C0E1C00E3160C /* SimpleAnimationVC.swift in Sources */ = {isa = PBXBuildFile; fileRef = 5BF84CE81E4C0E1C00E3160C /* SimpleAnimationVC.swift */; };
		5BF84CEC1E4C0E1C00E3160C /* Main.storyboard in Resources */ = {isa = PBXBuildFile; fileRef = 5BF84CEA1E4C0E1C00E3160C /* Main.storyboard */; };
		5BF84CEE1E4C0E1C00E3160C /* Assets.xcassets in Resources */ = {isa = PBXBuildFile; fileRef = 5BF84CED1E4C0E1C00E3160C /* Assets.xcassets */; };
		5BF84CF11E4C0E1C00E3160C /* LaunchScreen.storyboard in Resources */ = {isa = PBXBuildFile; fileRef = 5BF84CEF1E4C0E1C00E3160C /* LaunchScreen.storyboard */; };
/* End PBXBuildFile section */

/* Begin PBXFileReference section */
		5BF84CE31E4C0E1C00E3160C /* Animation.app */ = {isa = PBXFileReference; explicitFileType = wrapper.application; includeInIndex = 0; path = Animation.app; sourceTree = BUILT_PRODUCTS_DIR; };
		5BF84CE61E4C0E1C00E3160C /* AppDelegate.swift */ = {isa = PBXFileReference; lastKnownFileType = sourcecode.swift; path = AppDelegate.swift; sourceTree = "<group>"; };
		5BF84CE81E4C0E1C00E3160C /* SimpleAnimationVC.swift */ = {isa = PBXFileReference; lastKnownFileType = sourcecode.swift; path = SimpleAnimationVC.swift; sourceTree = "<group>"; };
		5BF84CEB1E4C0E1C00E3160C /* Base */ = {isa = PBXFileReference; lastKnownFileType = file.storyboard; name = Base; path = Base.lproj/Main.storyboard; sourceTree = "<group>"; };
		5BF84CED1E4C0E1C00E3160C /* Assets.xcassets */ = {isa = PBXFileReference; lastKnownFileType = folder.assetcatalog; path = Assets.xcassets; sourceTree = "<group>"; };
		5BF84CF01E4C0E1C00E3160C /* Base */ = {isa = PBXFileReference; lastKnownFileType = file.storyboard; name = Base; path = Base.lproj/LaunchScreen.storyboard; sourceTree = "<group>"; };
		5BF84CF21E4C0E1C00E3160C /* Info.plist */ = {isa = PBXFileReference; lastKnownFileType = text.plist.xml; path = Info.plist; sourceTree = "<group>"; };
/* End PBXFileReference section */

/* Begin PBXFrameworksBuildPhase section */
		5BF84CE01E4C0E1C00E3160C /* Frameworks */ = {
			isa = PBXFrameworksBuildPhase;
			buildActionMask = 2147483647;
			files = (
			);
			runOnlyForDeploymentPostprocessing = 0;
		};
/* End PBXFrameworksBuildPhase section */

/* Begin PBXGroup section */
		5BF84CDA1E4C0E1C00E3160C = {
			isa = PBXGroup;
			children = (
				5BF84CE51E4C0E1C00E3160C /* Animation */,
				5BF84CE41E4C0E1C00E3160C /* Products */,
			);
			sourceTree = "<group>";
		};
		5BF84CE41E4C0E1C00E3160C /* Products */ = {
			isa = PBXGroup;
			children = (
				5BF84CE31E4C0E1C00E3160C /* Animation.app */,
			);
			name = Products;
			sourceTree = "<group>";
		};
		5BF84CE51E4C0E1C00E3160C /* Animation */ = {
			isa = PBXGroup;
			children = (
				5BF84CF81E4C0E6D00E3160C /* Supporting Files */,
				5BF84CE81E4C0E1C00E3160C /* SimpleAnimationVC.swift */,
				5BF84CEA1E4C0E1C00E3160C /* Main.storyboard */,
			);
			path = Animation;
			sourceTree = "<group>";
		};
		5BF84CF81E4C0E6D00E3160C /* Supporting Files */ = {
			isa = PBXGroup;
			children = (
				5BF84CF21E4C0E1C00E3160C /* Info.plist */,
				5BF84CEF1E4C0E1C00E3160C /* LaunchScreen.storyboard */,
				5BF84CED1E4C0E1C00E3160C /* Assets.xcassets */,
				5BF84CE61E4C0E1C00E3160C /* AppDelegate.swift */,
			);
			name = "Supporting Files";
			sourceTree = "<group>";
		};
/* End PBXGroup section */

/* Begin PBXNativeTarget section */
		5BF84CE21E4C0E1C00E3160C /* Animation */ = {
			isa = PBXNativeTarget;
			buildConfigurationList = 5BF84CF51E4C0E1C00E3160C /* Build configuration list for PBXNativeTarget "Animation" */;
			buildPhases = (
				5BF84CDF1E4C0E1C00E3160C /* Sources */,
				5BF84CE01E4C0E1C00E3160C /* Frameworks */,
				5BF84CE11E4C0E1C00E3160C /* Resources */,
			);
			buildRules = (
			);
			dependencies = (
			);
			name = Animation;
			productName = Animation;
			productReference = 5BF84CE31E4C0E1C00E3160C /* Animation.app */;
			productType = "com.apple.product-type.application";
		};
/* End PBXNativeTarget section */

/* Begin PBXProject section */
		5BF84CDB1E4C0E1C00E3160C /* Project object */ = {
			isa = PBXProject;
			attributes = {
				LastSwiftUpdateCheck = 0820;
				LastUpgradeCheck = 0820;
				ORGANIZATIONNAME = Atnlie;
				TargetAttributes = {
					5BF84CE21E4C0E1C00E3160C = {
						CreatedOnToolsVersion = 8.2.1;
						ProvisioningStyle = Automatic;
					};
				};
			};
			buildConfigurationList = 5BF84CDE1E4C0E1C00E3160C /* Build configuration list for PBXProject "Animation" */;
			compatibilityVersion = "Xcode 3.2";
			developmentRegion = English;
			hasScannedForEncodings = 0;
			knownRegions = (
				en,
				Base,
			);
			mainGroup = 5BF84CDA1E4C0E1C00E3160C;
			productRefGroup = 5BF84CE41E4C0E1C00E3160C /* Products */;
			projectDirPath = "";
			projectRoot = "";
			targets = (
				5BF84CE21E4C0E1C00E3160C /* Animation */,
			);
		};
/* End PBXProject section */

/* Begin PBXResourcesBuildPhase section */
		5BF84CE11E4C0E1C00E3160C /* Resources */ = {
			isa = PBXResourcesBuildPhase;
			buildActionMask = 2147483647;
			files = (
				5BF84CF11E4C0E1C00E3160C /* LaunchScreen.storyboard in Resources */,
				5BF84CEE1E4C0E1C00E3160C /* Assets.xcassets in Resources */,
				5BF84CEC1E4C0E1C00E3160C /* Main.storyboard in Resources */,
			);
			runOnlyForDeploymentPostprocessing = 0;
		};
/* End PBXResourcesBuildPhase section */

/* Begin PBXSourcesBuildPhase section */
		5BF84CDF1E4C0E1C00E3160C /* Sources */ = {
			isa = PBXSourcesBuildPhase;
			buildActionMask = 2147483647;
			files = (
				5BF84CE91E4C0E1C00E3160C /* SimpleAnimationVC.swift in Sources */,
				5BF84CE71E4C0E1C00E3160C /* AppDelegate.swift in Sources */,
			);
			runOnlyForDeploymentPostprocessing = 0;
		};
/* End PBXSourcesBuildPhase section */

/* Begin PBXVariantGroup section */
		5BF84CEA1E4C0E1C00E3160C /* Main.storyboard */ = {
			isa = PBXVariantGroup;
			children = (
				5BF84CEB1E4C0E1C00E3160C /* Base */,
			);
			name = Main.storyboard;
			sourceTree = "<group>";
		};
		5BF84CEF1E4C0E1C00E3160C /* LaunchScreen.storyboard */ = {
			isa = PBXVariantGroup;
			children = (
				5BF84CF01E4C0E1C00E3160C /* Base */,
			);
			name = LaunchScreen.storyboard;
			sourceTree = "<group>";
		};
/* End PBXVariantGroup section */

/* Begin XCBuildConfiguration section */
		5BF84CF31E4C0E1C00E3160C /* Debug */ = {
			isa = XCBuildConfiguration;
			buildSettings = {
				ALWAYS_SEARCH_USER_PATHS = NO;
				CLANG_ANALYZER_NONNULL = YES;
				CLANG_CXX_LANGUAGE_STANDARD = "gnu++0x";
				CLANG_CXX_LIBRARY = "libc++";
				CLANG_ENABLE_MODULES = YES;
				CLANG_ENABLE_OBJC_ARC = YES;
				CLANG_WARN_BOOL_CONVERSION = YES;
				CLANG_WARN_CONSTANT_CONVERSION = YES;
				CLANG_WARN_DIRECT_OBJC_ISA_USAGE = YES_ERROR;
				CLANG_WARN_DOCUMENTATION_COMMENTS = YES;
				CLANG_WARN_EMPTY_BODY = YES;
				CLANG_WARN_ENUM_CONVERSION = YES;
				CLANG_WARN_INFINITE_RECURSION = YES;
				CLANG_WARN_INT_CONVERSION = YES;
				CLANG_WARN_OBJC_ROOT_CLASS = YES_ERROR;
				CLANG_WARN_SUSPICIOUS_MOVE = YES;
				CLANG_WARN_UNREACHABLE_CODE = YES;
				CLANG_WARN__DUPLICATE_METHOD_MATCH = YES;
				"CODE_SIGN_IDENTITY[sdk=iphoneos*]" = "iPhone Developer";
				COPY_PHASE_STRIP = NO;
				DEBUG_INFORMATION_FORMAT = dwarf;
				ENABLE_STRICT_OBJC_MSGSEND = YES;
				ENABLE_TESTABILITY = YES;
				GCC_C_LANGUAGE_STANDARD = gnu99;
				GCC_DYNAMIC_NO_PIC = NO;
				GCC_NO_COMMON_BLOCKS = YES;
				GCC_OPTIMIZATION_LEVEL = 0;
				GCC_PREPROCESSOR_DEFINITIONS = (
					"DEBUG=1",
					"$(inherited)",
				);
				GCC_WARN_64_TO_32_BIT_CONVERSION = YES;
				GCC_WARN_ABOUT_RETURN_TYPE = YES_ERROR;
				GCC_WARN_UNDECLARED_SELECTOR = YES;
				GCC_WARN_UNINITIALIZED_AUTOS = YES_AGGRESSIVE;
				GCC_WARN_UNUSED_FUNCTION = YES;
				GCC_WARN_UNUSED_VARIABLE = YES;
				IPHONEOS_DEPLOYMENT_TARGET = 10.2;
				MTL_ENABLE_DEBUG_INFO = YES;
				ONLY_ACTIVE_ARCH = YES;
				SDKROOT = iphoneos;
				SWIFT_ACTIVE_COMPILATION_CONDITIONS = DEBUG;
				SWIFT_OPTIMIZATION_LEVEL = "-Onone";
			};
			name = Debug;
		};
		5BF84CF41E4C0E1C00E3160C /* Release */ = {
			isa = XCBuildConfiguration;
			buildSettings = {
				ALWAYS_SEARCH_USER_PATHS = NO;
				CLANG_ANALYZER_NONNULL = YES;
				CLANG_CXX_LANGUAGE_STANDARD = "gnu++0x";
				CLANG_CXX_LIBRARY = "libc++";
				CLANG_ENABLE_MODULES = YES;
				CLANG_ENABLE_OBJC_ARC = YES;
				CLANG_WARN_BOOL_CONVERSION = YES;
				CLANG_WARN_CONSTANT_CONVERSION = YES;
				CLANG_WARN_DIRECT_OBJC_ISA_USAGE = YES_ERROR;
				CLANG_WARN_DOCUMENTATION_COMMENTS = YES;
				CLANG_WARN_EMPTY_BODY = YES;
				CLANG_WARN_ENUM_CONVERSION = YES;
				CLANG_WARN_INFINITE_RECURSION = YES;
				CLANG_WARN_INT_CONVERSION = YES;
				CLANG_WARN_OBJC_ROOT_CLASS = YES_ERROR;
				CLANG_WARN_SUSPICIOUS_MOVE = YES;
				CLANG_WARN_UNREACHABLE_CODE = YES;
				CLANG_WARN__DUPLICATE_METHOD_MATCH = YES;
				"CODE_SIGN_IDENTITY[sdk=iphoneos*]" = "iPhone Developer";
				COPY_PHASE_STRIP = NO;
				DEBUG_INFORMATION_FORMAT = "dwarf-with-dsym";
				ENABLE_NS_ASSERTIONS = NO;
				ENABLE_STRICT_OBJC_MSGSEND = YES;
				GCC_C_LANGUAGE_STANDARD = gnu99;
				GCC_NO_COMMON_BLOCKS = YES;
				GCC_WARN_64_TO_32_BIT_CONVERSION = YES;
				GCC_WARN_ABOUT_RETURN_TYPE = YES_ERROR;
				GCC_WARN_UNDECLARED_SELECTOR = YES;
				GCC_WARN_UNINITIALIZED_AUTOS = YES_AGGRESSIVE;
				GCC_WARN_UNUSED_FUNCTION = YES;
				GCC_WARN_UNUSED_VARIABLE = YES;
				IPHONEOS_DEPLOYMENT_TARGET = 10.2;
				MTL_ENABLE_DEBUG_INFO = NO;
				SDKROOT = iphoneos;
				SWIFT_OPTIMIZATION_LEVEL = "-Owholemodule";
				VALIDATE_PRODUCT = YES;
			};
			name = Release;
		};
		5BF84CF61E4C0E1C00E3160C /* Debug */ = {
			isa = XCBuildConfiguration;
			buildSettings = {
				ASSETCATALOG_COMPILER_APPICON_NAME = AppIcon;
				INFOPLIST_FILE = Animation/Info.plist;
				LD_RUNPATH_SEARCH_PATHS = "$(inherited) @executable_path/Frameworks";
				PRODUCT_BUNDLE_IDENTIFIER = com.atnlie.Animation;
				PRODUCT_NAME = "$(TARGET_NAME)";
				SWIFT_VERSION = 3.0;
			};
			name = Debug;
		};
		5BF84CF71E4C0E1C00E3160C /* Release */ = {
			isa = XCBuildConfiguration;
			buildSettings = {
				ASSETCATALOG_COMPILER_APPICON_NAME = AppIcon;
				INFOPLIST_FILE = Animation/Info.plist;
				LD_RUNPATH_SEARCH_PATHS = "$(inherited) @executable_path/Frameworks";
				PRODUCT_BUNDLE_IDENTIFIER = com.atnlie.Animation;
				PRODUCT_NAME = "$(TARGET_NAME)";
				SWIFT_VERSION = 3.0;
			};
			name = Release;
		};
/* End XCBuildConfiguration section */

/* Begin XCConfigurationList section */
		5BF84CDE1E4C0E1C00E3160C /* Build configuration list for PBXProject "Animation" */ = {
			isa = XCConfigurationList;
			buildConfigurations = (
				5BF84CF31E4C0E1C00E3160C /* Debug */,
				5BF84CF41E4C0E1C00E3160C /* Release */,
			);
			defaultConfigurationIsVisible = 0;
			defaultConfigurationName = Release;
		};
		5BF84CF51E4C0E1C00E3160C /* Build configuration list for PBXNativeTarget "Animation" */ = {
			isa = XCConfigurationList;
			buildConfigurations = (
				5BF84CF61E4C0E1C00E3160C /* Debug */,
				5BF84CF71E4C0E1C00E3160C /* Release */,
			);
			defaultConfigurationIsVisible = 0;
		};
/* End XCConfigurationList section */
	};
	rootObject = 5BF84CDB1E4C0E1C00E3160C /* Project object */;
}
